
Microsoft Visual Studio Solution File, Format Version 12.00
Project("{FAE04EC0-301F-11D3-BF4B-00C04F79EFBC}") = "be_revo_coffee", "be_revo_coffee\be_revo_coffee.csproj", "{894A098D-568A-4B40-8F61-EE3BEADAB6B9}"
EndProject
Global
	GlobalSection(SolutionConfigurationPlatforms) = preSolution
		Debug|Any CPU = Debug|Any CPU
		Release|Any CPU = Release|Any CPU
	EndGlobalSection
	GlobalSection(ProjectConfigurationPlatforms) = postSolution
		{894A098D-568A-4B40-8F61-EE3BEADAB6B9}.Debug|Any CPU.ActiveCfg = Debug|Any CPU
		{894A098D-568A-4B40-8F61-EE3BEADAB6B9}.Debug|Any CPU.Build.0 = Debug|Any CPU
		{894A098D-568A-4B40-8F61-EE3BEADAB6B9}.Release|Any CPU.ActiveCfg = Release|Any CPU
		{894A098D-568A-4B40-8F61-EE3BEADAB6B9}.Release|Any CPU.Build.0 = Release|Any CPU
	EndGlobalSection
EndGlobal
